
Microsoft Visual Studio Solution File, Format Version 12.00
# Visual Studio Version 17
VisualStudioVersion = 17.4.33103.184
MinimumVisualStudioVersion = 10.0.40219.1
Project("{9A19103F-16F7-4668-BE54-9A1E7A4F7556}") = "CreditCardValidation", "src\CreditCardValidation\CreditCardValidation.csproj", "{D71C777C-7E3B-4667-9A97-FD35E84420DA}"
EndProject
Project("{9A19103F-16F7-4668-BE54-9A1E7A4F7556}") = "CreditCardValidation.Tests", "tests\CreditCardValidation.Tests\CreditCardValidation.Tests.csproj", "{9DD9FC24-84B3-4380-AAA6-E1B6678A55E6}"
EndProject
Project("{FAE04EC0-301F-11D3-BF4B-00C04F79EFBC}") = "CreditCardValidation.Core", "src\CreditCardValidation.Core\CreditCardValidation.Core.csproj", "{837E188A-71FB-427C-9159-35F46D6C3BD8}"
EndProject
Project("{2150E333-8FDC-42A3-9474-1A3956D46DE8}") = "Core", "Core", "{420F852B-C48E-4957-98E9-C7278028AABD}"
EndProject
Global
	GlobalSection(SolutionConfigurationPlatforms) = preSolution
		Debug|Any CPU = Debug|Any CPU
		Release|Any CPU = Release|Any CPU
	EndGlobalSection
	GlobalSection(ProjectConfigurationPlatforms) = postSolution
		{D71C777C-7E3B-4667-9A97-FD35E84420DA}.Debug|Any CPU.ActiveCfg = Debug|Any CPU
		{D71C777C-7E3B-4667-9A97-FD35E84420DA}.Debug|Any CPU.Build.0 = Debug|Any CPU
		{D71C777C-7E3B-4667-9A97-FD35E84420DA}.Release|Any CPU.ActiveCfg = Release|Any CPU
		{D71C777C-7E3B-4667-9A97-FD35E84420DA}.Release|Any CPU.Build.0 = Release|Any CPU
		{9DD9FC24-84B3-4380-AAA6-E1B6678A55E6}.Debug|Any CPU.ActiveCfg = Debug|Any CPU
		{9DD9FC24-84B3-4380-AAA6-E1B6678A55E6}.Debug|Any CPU.Build.0 = Debug|Any CPU
		{9DD9FC24-84B3-4380-AAA6-E1B6678A55E6}.Release|Any CPU.ActiveCfg = Release|Any CPU
		{9DD9FC24-84B3-4380-AAA6-E1B6678A55E6}.Release|Any CPU.Build.0 = Release|Any CPU
		{837E188A-71FB-427C-9159-35F46D6C3BD8}.Debug|Any CPU.ActiveCfg = Debug|Any CPU
		{837E188A-71FB-427C-9159-35F46D6C3BD8}.Debug|Any CPU.Build.0 = Debug|Any CPU
		{837E188A-71FB-427C-9159-35F46D6C3BD8}.Release|Any CPU.ActiveCfg = Release|Any CPU
		{837E188A-71FB-427C-9159-35F46D6C3BD8}.Release|Any CPU.Build.0 = Release|Any CPU
	EndGlobalSection
	GlobalSection(SolutionProperties) = preSolution
		HideSolutionNode = FALSE
	EndGlobalSection
	GlobalSection(NestedProjects) = preSolution
		{837E188A-71FB-427C-9159-35F46D6C3BD8} = {420F852B-C48E-4957-98E9-C7278028AABD}
	EndGlobalSection
	GlobalSection(ExtensibilityGlobals) = postSolution
		SolutionGuid = {73C9209C-23AC-449B-A5C9-4820EBABDB3B}
	EndGlobalSection
EndGlobal
